# This file is autogenerated, do not edit; changes may be undone by the next 'dep ensure'.


[[projects]]
  branch = "master"
  digest = "1:6da51e5ec493ad2b44cb04129e2d0a068c8fb9bd6cb5739d199573558696bb94"
  name = "github.com/Azure/go-ansiterm"
  packages = [
    ".",
    "winterm",
  ]
  pruneopts = "UT"
  revision = "d6e3b3328b783f23731bc4d058875b0371ff8109"

[[projects]]
  digest = "1:a2c1d0e43bd3baaa071d1b9ed72c27d78169b2b269f71c105ac4ba34b1be4a39"
  name = "github.com/davecgh/go-spew"
  packages = ["spew"]
  pruneopts = "UT"
  revision = "346938d642f2ec3594ed81d874461961cd0faa76"
  version = "v1.1.0"

[[projects]]
  branch = "master"
  digest = "1:5c709df1e94c6dbee6fdd9699b11e3cdfa06870b1e828e9311e4e879b2ae6a4a"
  name = "github.com/docker/docker"
  packages = [
    "pkg/term",
    "pkg/term/windows",
  ]
  pruneopts = "UT"
  revision = "4122eb1a43a42c4c8b827b4d0fb3d6543f9f2c91"

[[projects]]
  digest = "1:e763ac6333e3c4ee5eca4ff85bee97f58b3ffc723ac58e81d273c8f5cc6a6567"
  name = "github.com/docker/machine"
  packages = [
    "libmachine/drivers",
    "libmachine/drivers/plugin",
    "libmachine/drivers/plugin/localbinary",
    "libmachine/drivers/rpc",
    "libmachine/log",
    "libmachine/mcnflag",
    "libmachine/mcnutils",
    "libmachine/ssh",
    "libmachine/state",
    "libmachine/version",
    "version",
  ]
  pruneopts = "UT"
  revision = "b48dc28d9139c93d166f07d8b3a049b59bceef9c"
  version = "v0.15.0"

[[projects]]
  digest = "1:cf9c32df6fe209f9b5db1aa91c6e4084d3867baa9063803df07c5b80a37f1f90"
  name = "github.com/go-resty/resty"
  packages = ["."]
  pruneopts = "UT"
  revision = "97a15579492cd5f35632499f315d7a8df94160a1"
  version = "v1.8.0"

[[projects]]
  digest = "1:15042ad3498153684d09f393bbaec6b216c8eec6d61f63dff711de7d64ed8861"
  name = "github.com/golang/protobuf"
  packages = ["proto"]
  pruneopts = "UT"
  revision = "b4deda0973fb4c70b50d226b1af49f3da59f5265"
  version = "v1.1.0"

[[projects]]
  digest = "1:95a8303346925597904bc86790fe640ed04ea31d44d9b3cf1ae2f87be905c6f1"
  name = "github.com/linode/linodego"
  packages = ["."]
  pruneopts = "UT"
  revision = "d0d31d8ca62fa3f7e4526ca0ce95de81e4ed001e"
  version = "v0.5.1"

[[projects]]
  digest = "1:0028cb19b2e4c3112225cd871870f2d9cf49b9b4276531f03438a88e94be86fe"
  name = "github.com/pmezard/go-difflib"
  packages = ["difflib"]
  pruneopts = "UT"
  revision = "792786c7400a136282c1664665ae0a8db921c6c2"
  version = "v1.0.0"

[[projects]]
  digest = "1:d867dfa6751c8d7a435821ad3b736310c2ed68945d05b50fb9d23aee0540c8cc"
  name = "github.com/sirupsen/logrus"
  packages = ["."]
  pruneopts = "UT"
  revision = "3e01752db0189b9157070a0e1668a620f9a85da2"
  version = "v1.0.6"

[[projects]]
  digest = "1:18752d0b95816a1b777505a97f71c7467a8445b8ffb55631a7bf779f6ba4fa83"
  name = "github.com/stretchr/testify"
  packages = ["assert"]
  pruneopts = "UT"
  revision = "f35b8ab0b5a2cef36673838d662e249dd9c94686"
  version = "v1.2.2"

[[projects]]
  branch = "master"
  digest = "1:10e257965f5774c1ef03b258130a6caa8dddbfe03041f69d7c16a00463dece62"
  name = "golang.org/x/crypto"
  packages = [
    "curve25519",
    "ed25519",
    "ed25519/internal/edwards25519",
    "internal/chacha20",
    "internal/subtle",
    "poly1305",
    "ssh",
    "ssh/terminal",
  ]
  pruneopts = "UT"
  revision = "de0752318171da717af4ce24d0a2e8626afaeb11"

[[projects]]
  branch = "master"
  digest = "1:33b9d71d1dde2106309484a388eb7ba53cd1f67014e34a71f7b3dbc20bd186e5"
  name = "golang.org/x/net"
  packages = [
    "context",
    "context/ctxhttp",
    "idna",
    "publicsuffix",
  ]
  pruneopts = "UT"
  revision = "c39426892332e1bb5ec0a434a079bf82f5d30c54"

[[projects]]
  branch = "master"
  digest = "1:af19f6e6c369bf51ef226e989034cd88a45083173c02ac4d7ab74c9a90d356b7"
  name = "golang.org/x/oauth2"
  packages = [
    ".",
    "internal",
  ]
  pruneopts = "UT"
  revision = "3d292e4d0cdc3a0113e6d207bb137145ef1de42f"

[[projects]]
  branch = "master"
  digest = "1:a60cae5be8993938498243605b120290533a5208fd5cac81c932afbad3642fb0"
  name = "golang.org/x/sys"
  packages = [
    "unix",
    "windows",
  ]
  pruneopts = "UT"
  revision = "98c5dad5d1a0e8a73845ecc8897d0bd56586511d"

[[projects]]
  digest = "1:a2ab62866c75542dd18d2b069fec854577a20211d7c0ea6ae746072a1dccdd18"
  name = "golang.org/x/text"
  packages = [
    "collate",
    "collate/build",
    "internal/colltab",
    "internal/gen",
    "internal/tag",
    "internal/triegen",
    "internal/ucd",
    "language",
    "secure/bidirule",
    "transform",
    "unicode/bidi",
    "unicode/cldr",
    "unicode/norm",
    "unicode/rangetable",
  ]
  pruneopts = "UT"
  revision = "f21a4dfb5e38f5895301dc265a8def02365cc3d0"
  version = "v0.3.0"

[[projects]]
  digest = "1:328b5e4f197d928c444a51a75385f4b978915c0e75521f0ad6a3db976c97a7d3"
  name = "google.golang.org/appengine"
  packages = [
    "internal",
    "internal/base",
    "internal/datastore",
    "internal/log",
    "internal/remote_api",
    "internal/urlfetch",
    "urlfetch",
  ]
  pruneopts = "UT"
  revision = "b1f26356af11148e710935ed1ac8a7f5702c7612"
  version = "v1.1.0"

[solve-meta]
  analyzer-name = "dep"
  analyzer-version = 1
  input-imports = [
    "github.com/docker/machine/libmachine/drivers",
    "github.com/docker/machine/libmachine/drivers/plugin",
    "github.com/docker/machine/libmachine/log",
    "github.com/docker/machine/libmachine/mcnflag",
    "github.com/docker/machine/libmachine/ssh",
    "github.com/docker/machine/libmachine/state",
    "github.com/linode/linodego",
    "github.com/stretchr/testify/assert",
    "golang.org/x/oauth2",
  ]
  solver-name = "gps-cdcl"
  solver-version = 1
